
Microsoft Visual Studio Solution File, Format Version 12.00
# Visual Studio Version 17
VisualStudioVersion = 17.7.34202.233
MinimumVisualStudioVersion = 10.0.40219.1
Project("{FAE04EC0-301F-11D3-BF4B-00C04F79EFBC}") = "Downloader", "Downloader\Downloader.csproj", "{0861675D-DD02-450C-B2D0-B587B4AF9334}"
EndProject
Global
	GlobalSection(SolutionConfigurationPlatforms) = preSolution
		Debug|Any CPU = Debug|Any CPU
		Release|Any CPU = Release|Any CPU
	EndGlobalSection
	GlobalSection(ProjectConfigurationPlatforms) = postSolution
		{0861675D-DD02-450C-B2D0-B587B4AF9334}.Debug|Any CPU.ActiveCfg = Debug|Any CPU
		{0861675D-DD02-450C-B2D0-B587B4AF9334}.Debug|Any CPU.Build.0 = Debug|Any CPU
		{0861675D-DD02-450C-B2D0-B587B4AF9334}.Release|Any CPU.ActiveCfg = Release|Any CPU
		{0861675D-DD02-450C-B2D0-B587B4AF9334}.Release|Any CPU.Build.0 = Release|Any CPU
	EndGlobalSection
	GlobalSection(SolutionProperties) = preSolution
		HideSolutionNode = FALSE
	EndGlobalSection
	GlobalSection(ExtensibilityGlobals) = postSolution
		SolutionGuid = {5C09920D-A554-4B02-A0FC-ACC5144B6C67}
	EndGlobalSection
EndGlobal
